
Microsoft Visual Studio Solution File, Format Version 12.00
# Visual Studio 15
VisualStudioVersion = 15.0.26228.57
MinimumVisualStudioVersion = 10.0.40219.1
Project("{FAE04EC0-301F-11D3-BF4B-00C04F79EFBC}") = "DogsForUs", "DogsForUs\DogsForUs.csproj", "{E54BC4B0-36F9-4637-ABEF-619CEDA3DAB5}"
EndProject
Project("{FAE04EC0-301F-11D3-BF4B-00C04F79EFBC}") = "UnitTests", "UnitTests\UnitTests.csproj", "{F202C7B6-0335-407C-843B-5D3464D79A23}"
EndProject
Global
	GlobalSection(SolutionConfigurationPlatforms) = preSolution
		Debug|Any CPU = Debug|Any CPU
		Release|Any CPU = Release|Any CPU
	EndGlobalSection
	GlobalSection(ProjectConfigurationPlatforms) = postSolution
		{E54BC4B0-36F9-4637-ABEF-619CEDA3DAB5}.Debug|Any CPU.ActiveCfg = Debug|Any CPU
		{E54BC4B0-36F9-4637-ABEF-619CEDA3DAB5}.Debug|Any CPU.Build.0 = Debug|Any CPU
		{E54BC4B0-36F9-4637-ABEF-619CEDA3DAB5}.Release|Any CPU.ActiveCfg = Release|Any CPU
		{E54BC4B0-36F9-4637-ABEF-619CEDA3DAB5}.Release|Any CPU.Build.0 = Release|Any CPU
		{F202C7B6-0335-407C-843B-5D3464D79A23}.Debug|Any CPU.ActiveCfg = Debug|Any CPU
		{F202C7B6-0335-407C-843B-5D3464D79A23}.Debug|Any CPU.Build.0 = Debug|Any CPU
		{F202C7B6-0335-407C-843B-5D3464D79A23}.Release|Any CPU.ActiveCfg = Release|Any CPU
		{F202C7B6-0335-407C-843B-5D3464D79A23}.Release|Any CPU.Build.0 = Release|Any CPU
	EndGlobalSection
	GlobalSection(SolutionProperties) = preSolution
		HideSolutionNode = FALSE
	EndGlobalSection
EndGlobal
